
Microsoft Visual Studio Solution File, Format Version 12.00
# Visual Studio Version 17
VisualStudioVersion = 17.3.32929.385
MinimumVisualStudioVersion = 10.0.40219.1
Project("{FAE04EC0-301F-11D3-BF4B-00C04F79EFBC}") = "vinaysite", "vinaysite\vinaysite.csproj", "{EF3D252B-7519-4160-8284-7188D844739E}"
EndProject
Global
	GlobalSection(SolutionConfigurationPlatforms) = preSolution
		Debug|Any CPU = Debug|Any CPU
		Release|Any CPU = Release|Any CPU
	EndGlobalSection
	GlobalSection(ProjectConfigurationPlatforms) = postSolution
		{EF3D252B-7519-4160-8284-7188D844739E}.Debug|Any CPU.ActiveCfg = Debug|Any CPU
		{EF3D252B-7519-4160-8284-7188D844739E}.Debug|Any CPU.Build.0 = Debug|Any CPU
		{EF3D252B-7519-4160-8284-7188D844739E}.Release|Any CPU.ActiveCfg = Release|Any CPU
		{EF3D252B-7519-4160-8284-7188D844739E}.Release|Any CPU.Build.0 = Release|Any CPU
	EndGlobalSection
	GlobalSection(SolutionProperties) = preSolution
		HideSolutionNode = FALSE
	EndGlobalSection
	GlobalSection(ExtensibilityGlobals) = postSolution
		SolutionGuid = {161AFE1C-8573-4D69-BF56-983DFB0B235D}
	EndGlobalSection
EndGlobal
